
Microsoft Visual Studio Solution File, Format Version 12.00
# Visual Studio Version 17
VisualStudioVersion = 17.3.32929.385
MinimumVisualStudioVersion = 10.0.40219.1
Project("{FAE04EC0-301F-11D3-BF4B-00C04F79EFBC}") = "Prueba", "Prueba\Prueba.csproj", "{DE92FA99-9800-4F8D-8342-89F9A4C99B51}"
EndProject
Global
	GlobalSection(SolutionConfigurationPlatforms) = preSolution
		Debug|Any CPU = Debug|Any CPU
		Release|Any CPU = Release|Any CPU
	EndGlobalSection
	GlobalSection(ProjectConfigurationPlatforms) = postSolution
		{DE92FA99-9800-4F8D-8342-89F9A4C99B51}.Debug|Any CPU.ActiveCfg = Debug|Any CPU
		{DE92FA99-9800-4F8D-8342-89F9A4C99B51}.Debug|Any CPU.Build.0 = Debug|Any CPU
		{DE92FA99-9800-4F8D-8342-89F9A4C99B51}.Release|Any CPU.ActiveCfg = Release|Any CPU
		{DE92FA99-9800-4F8D-8342-89F9A4C99B51}.Release|Any CPU.Build.0 = Release|Any CPU
	EndGlobalSection
	GlobalSection(SolutionProperties) = preSolution
		HideSolutionNode = FALSE
	EndGlobalSection
	GlobalSection(ExtensibilityGlobals) = postSolution
		SolutionGuid = {7E579747-09AE-4F17-82EC-EF4EFBF21D41}
	EndGlobalSection
EndGlobal
